
Microsoft Visual Studio Solution File, Format Version 12.00
# Visual Studio Version 16
VisualStudioVersion = 16.0.31402.337
MinimumVisualStudioVersion = 10.0.40219.1
Project("{FAE04EC0-301F-11D3-BF4B-00C04F79EFBC}") = "DiscordWebhookQM", "DiscordWebhookQM\DiscordWebhookQM.csproj", "{98946D27-A715-4791-B34D-A068C3997886}"
EndProject
Global
	GlobalSection(SolutionConfigurationPlatforms) = preSolution
		Debug|Any CPU = Debug|Any CPU
		Release|Any CPU = Release|Any CPU
	EndGlobalSection
	GlobalSection(ProjectConfigurationPlatforms) = postSolution
		{98946D27-A715-4791-B34D-A068C3997886}.Debug|Any CPU.ActiveCfg = Debug|Any CPU
		{98946D27-A715-4791-B34D-A068C3997886}.Debug|Any CPU.Build.0 = Debug|Any CPU
		{98946D27-A715-4791-B34D-A068C3997886}.Release|Any CPU.ActiveCfg = Release|Any CPU
		{98946D27-A715-4791-B34D-A068C3997886}.Release|Any CPU.Build.0 = Release|Any CPU
	EndGlobalSection
	GlobalSection(SolutionProperties) = preSolution
		HideSolutionNode = FALSE
	EndGlobalSection
	GlobalSection(ExtensibilityGlobals) = postSolution
		SolutionGuid = {BA14334C-9822-458A-A01D-87901DEDEA31}
	EndGlobalSection
EndGlobal
